<Solution>
  <Configurations>
    <Platform Name="Any CPU" />
    <Platform Name="x64" />
    <Platform Name="x86" />
  </Configurations>
  <Project Path="fenrick.miro.server/fenrick.miro.server.csproj" />
  <Project Path="fenrick.miro.ux/fenrick.miro.ux.njsproj">
    <Platform Project="AnyCPU" />
  </Project>
</Solution>
