<Solution>
  <Project Path="fenrick.miro.ux/fenrick.miro.ux.esproj">
    <Build />
  </Project>
  <Project Path="fenrick.miro.server/fenrick.miro.server.csproj" />
  <Project Path="fenrick.miro.server.tests/fenrick.miro.server.tests.csproj" />
  <Project Path="fenrick.miro.apphost/Fenrick.Miro.AppHost.AppHost/Fenrick.Miro.AppHost.AppHost.csproj" />
</Solution>
