Microsoft Visual Studio Solution File, Format Version 12.00
# Visual Studio Version 17
VisualStudioVersion = 17.8.0.0
MinimumVisualStudioVersion = 17.8.0.0
Project("{9A19103F-16F7-4668-BE54-9A1E7A4F7556}") = "Fenrick.Miro.AppHost.AppHost", "Fenrick.Miro.AppHost.AppHost\Fenrick.Miro.AppHost.AppHost.csproj", "{776826F0-A1F4-40D0-AD69-B8EB6BA6A9CA}"
EndProject
Project("{9A19103F-16F7-4668-BE54-9A1E7A4F7556}") = "Fenrick.Miro.AppHost.ServiceDefaults", "Fenrick.Miro.AppHost.ServiceDefaults\Fenrick.Miro.AppHost.ServiceDefaults.csproj", "{60027F8D-3C66-4612-B5FA-4DC5EE3A2C2A}"
EndProject
Global
	GlobalSection(SolutionConfigurationPlatforms) = preSolution
		Debug|Any CPU = Debug|Any CPU
		Release|Any CPU = Release|Any CPU
	EndGlobalSection
	GlobalSection(ProjectConfigurationPlatforms) = postSolution
		{776826F0-A1F4-40D0-AD69-B8EB6BA6A9CA}.Debug|Any CPU.ActiveCfg = Debug|Any CPU
		{776826F0-A1F4-40D0-AD69-B8EB6BA6A9CA}.Debug|Any CPU.Build.0 = Debug|Any CPU
		{776826F0-A1F4-40D0-AD69-B8EB6BA6A9CA}.Release|Any CPU.ActiveCfg = Release|Any CPU
		{776826F0-A1F4-40D0-AD69-B8EB6BA6A9CA}.Release|Any CPU.Build.0 = Release|Any CPU
		{60027F8D-3C66-4612-B5FA-4DC5EE3A2C2A}.Debug|Any CPU.ActiveCfg = Debug|Any CPU
		{60027F8D-3C66-4612-B5FA-4DC5EE3A2C2A}.Debug|Any CPU.Build.0 = Debug|Any CPU
		{60027F8D-3C66-4612-B5FA-4DC5EE3A2C2A}.Release|Any CPU.ActiveCfg = Release|Any CPU
		{60027F8D-3C66-4612-B5FA-4DC5EE3A2C2A}.Release|Any CPU.Build.0 = Release|Any CPU
	EndGlobalSection
	GlobalSection(SolutionProperties) = preSolution
		HideSolutionNode = FALSE
	EndGlobalSection
	GlobalSection(ExtensibilityGlobals) = postSolution
		SolutionGuid = {098E33F7-64EB-4E00-B256-63E43CBC67B1}
	EndGlobalSection
EndGlobal
